# THIS IS AN AUTOGENERATED FILE. DO NOT EDIT THIS FILE DIRECTLY.
# yarn lockfile v1


bs-platform@^5.0.4:
  version "5.0.4"
  resolved "https://registry.yarnpkg.com/bs-platform/-/bs-platform-5.0.4.tgz#d406ef43c12d1b19d8546884d8b5b4e0fb709372"

bsb-js@^1.1.7:
  version "1.1.7"
  resolved "https://registry.yarnpkg.com/bsb-js/-/bsb-js-1.1.7.tgz#12cc91e974f5896b3a2aa8358419d24e56f552c3"

gl-matrix@^3.0.0:
  version "3.0.0"
  resolved "https://registry.yarnpkg.com/gl-matrix/-/gl-matrix-3.0.0.tgz#888301ac7650e148c3865370e13ec66d08a8381f"

"js-tokens@^3.0.0 || ^4.0.0":
  version "4.0.0"
  resolved "https://registry.yarnpkg.com/js-tokens/-/js-tokens-4.0.0.tgz#19203fb59991df98e3a287050d4647cdeaf32499"

loose-envify@^1.1.0, loose-envify@^1.4.0:
  version "1.4.0"
  resolved "https://registry.yarnpkg.com/loose-envify/-/loose-envify-1.4.0.tgz#71ee51fa7be4caec1a63839f7e682d8132d30caf"
  dependencies:
    js-tokens "^3.0.0 || ^4.0.0"

object-assign@^4.1.1:
  version "4.1.1"
  resolved "https://registry.yarnpkg.com/object-assign/-/object-assign-4.1.1.tgz#2109adc7965887cfc05cbbd442cac8bfbb360863"

picogl@^0.14.0:
  version "0.14.0"
  resolved "https://registry.yarnpkg.com/picogl/-/picogl-0.14.0.tgz#01fa1d2486cf003c10ab25f7c5f457a60d7796ed"

prop-types@^15.6.2:
  version "15.7.2"
  resolved "https://registry.yarnpkg.com/prop-types/-/prop-types-15.7.2.tgz#52c41e75b8c87e72b9d9360e0206b99dcbffa6c5"
  dependencies:
    loose-envify "^1.4.0"
    object-assign "^4.1.1"
    react-is "^16.8.1"

react-dom@>=16.8.1:
  version "16.8.6"
  resolved "https://registry.yarnpkg.com/react-dom/-/react-dom-16.8.6.tgz#71d6303f631e8b0097f56165ef608f051ff6e10f"
  dependencies:
    loose-envify "^1.1.0"
    object-assign "^4.1.1"
    prop-types "^15.6.2"
    scheduler "^0.13.6"

react-is@^16.8.1:
  version "16.8.6"
  resolved "https://registry.yarnpkg.com/react-is/-/react-is-16.8.6.tgz#5bbc1e2d29141c9fbdfed456343fe2bc430a6a16"

react@>=16.8.1:
  version "16.8.6"
  resolved "https://registry.yarnpkg.com/react/-/react-16.8.6.tgz#ad6c3a9614fd3a4e9ef51117f54d888da01f2bbe"
  dependencies:
    loose-envify "^1.1.0"
    object-assign "^4.1.1"
    prop-types "^15.6.2"
    scheduler "^0.13.6"

reason-react@^0.7.0:
  version "0.7.0"
  resolved "https://registry.yarnpkg.com/reason-react/-/reason-react-0.7.0.tgz#46a975c321e81cd51310d7b1a02418ca7667b0d6"
  dependencies:
    react ">=16.8.1"
    react-dom ">=16.8.1"

scheduler@^0.13.6:
  version "0.13.6"
  resolved "https://registry.yarnpkg.com/scheduler/-/scheduler-0.13.6.tgz#466a4ec332467b31a91b9bf74e5347072e4cd889"
  dependencies:
    loose-envify "^1.1.0"
    object-assign "^4.1.1"

typescript@^3.4.5:
  version "3.5.1"
  resolved "https://registry.yarnpkg.com/typescript/-/typescript-3.5.1.tgz#ba72a6a600b2158139c5dd8850f700e231464202"
